
Microsoft Visual Studio Solution File, Format Version 12.00
# Visual Studio Version 17
VisualStudioVersion = 17.13.35806.99 d17.13
MinimumVisualStudioVersion = 10.0.40219.1
Project("{FAE04EC0-301F-11D3-BF4B-00C04F79EFBC}") = "LibraryManagement", "LibraryManagement\LibraryManagement.csproj", "{A6A1186D-EA72-49AD-B49A-278F7003B80E}"
EndProject
Global
	GlobalSection(SolutionConfigurationPlatforms) = preSolution
		Debug|Any CPU = Debug|Any CPU
		Release|Any CPU = Release|Any CPU
	EndGlobalSection
	GlobalSection(ProjectConfigurationPlatforms) = postSolution
		{A6A1186D-EA72-49AD-B49A-278F7003B80E}.Debug|Any CPU.ActiveCfg = Debug|Any CPU
		{A6A1186D-EA72-49AD-B49A-278F7003B80E}.Debug|Any CPU.Build.0 = Debug|Any CPU
		{A6A1186D-EA72-49AD-B49A-278F7003B80E}.Release|Any CPU.ActiveCfg = Release|Any CPU
		{A6A1186D-EA72-49AD-B49A-278F7003B80E}.Release|Any CPU.Build.0 = Release|Any CPU
	EndGlobalSection
	GlobalSection(SolutionProperties) = preSolution
		HideSolutionNode = FALSE
	EndGlobalSection
	GlobalSection(ExtensibilityGlobals) = postSolution
		SolutionGuid = {2E9BEA6B-BBB8-40DC-ACBF-C633F7D1F137}
	EndGlobalSection
EndGlobal
